# @generated by Move, please check-in and do not edit manually.

[move]
version = 2
manifest_digest = "51092C6B8D9779B169C7A026FEDE8651145616934C555060F994D13B38B23BAF"
deps_digest = "F8BBB0CCB2491CA29A3DF03D6F92277A4F3574266507ACD77214D37ECA3F3082"
dependencies = [
  { name = "Sui" },
]

[[move.package]]
name = "MoveStdlib"
source = { git = "https://github.com/MystenLabs/sui.git", rev = "framework/testnet", subdir = "crates/sui-framework/packages/move-stdlib" }

[[move.package]]
name = "Sui"
source = { git = "https://github.com/MystenLabs/sui.git", rev = "framework/testnet", subdir = "crates/sui-framework/packages/sui-framework" }

dependencies = [
  { name = "MoveStdlib" },
]

[move.toolchain-version]
compiler-version = "1.25.0"
edition = "2024.beta"
flavor = "sui"

[env]

[env.devnet]
chain-id = "f4950f51"
original-published-id = "0xe100d9543ca1cca98bf77172aedf712dec6a57ad5bd3e92bd5fb1c2aaff18c07"
latest-published-id = "0xe100d9543ca1cca98bf77172aedf712dec6a57ad5bd3e92bd5fb1c2aaff18c07"
published-version = "1"

[env.testnet]
chain-id = "4c78adac"
original-published-id = "0x88dfad1e68a50ade5634883b4c6dfe90eab314e6260e881799f69ac3c101d5cd"
latest-published-id = "0x88dfad1e68a50ade5634883b4c6dfe90eab314e6260e881799f69ac3c101d5cd"
published-version = "1"
